// !$*UTF8*$!
{
	archiveVersion = 1;
	classes = {
	};
	objectVersion = 51;
	objects = {

/* Begin PBXBuildFile section */
		11C69E0B485F3BEF954C9D7E /* Pods_MEC.framework in Frameworks */ = {isa = PBXBuildFile; fileRef = F1E5648184B16A5A9F5A4322 /* Pods_MEC.framework */; };
		520B5D3824EE66B6004F84C7 /* MECWebViewController.m in Sources */ = {isa = PBXBuildFile; fileRef = 520B5D3724EE66B6004F84C7 /* MECWebViewController.m */; };
		521EF1A724CE780800455497 /* AppDelegate.m in Sources */ = {isa = PBXBuildFile; fileRef = 521EF1A624CE780800455497 /* AppDelegate.m */; };
		521EF1B024CE780800455497 /* Main.storyboard in Resources */ = {isa = PBXBuildFile; fileRef = 521EF1AE24CE780800455497 /* Main.storyboard */; };
		521EF1B224CE780A00455497 /* Assets.xcassets in Resources */ = {isa = PBXBuildFile; fileRef = 521EF1B124CE780A00455497 /* Assets.xcassets */; };
		521EF1B524CE780A00455497 /* LaunchScreen.storyboard in Resources */ = {isa = PBXBuildFile; fileRef = 521EF1B324CE780A00455497 /* LaunchScreen.storyboard */; };
		521EF1B824CE780A00455497 /* main.m in Sources */ = {isa = PBXBuildFile; fileRef = 521EF1B724CE780A00455497 /* main.m */; };
		524B19BC24D82D53002A8755 /* MECTools.m in Sources */ = {isa = PBXBuildFile; fileRef = 524B19BB24D82D53002A8755 /* MECTools.m */; };
		5258389F24DBF218007E1E13 /* MECTemperatureCircleAnimationView.m in Sources */ = {isa = PBXBuildFile; fileRef = 5258389E24DBF218007E1E13 /* MECTemperatureCircleAnimationView.m */; };
		525838A224DBF248007E1E13 /* MECCircleAnimationView.m in Sources */ = {isa = PBXBuildFile; fileRef = 525838A124DBF248007E1E13 /* MECCircleAnimationView.m */; };
		5268FE1A24D269DB00CBB01A /* MECNoDeviceFoundViewController.m in Sources */ = {isa = PBXBuildFile; fileRef = 5268FE1924D269DB00CBB01A /* MECNoDeviceFoundViewController.m */; };
		5268FE1D24D2B0D200CBB01A /* MECBaseMenuView.m in Sources */ = {isa = PBXBuildFile; fileRef = 5268FE1C24D2B0D200CBB01A /* MECBaseMenuView.m */; };
		5268FE2024D2B1D800CBB01A /* MECBaseMenuViewTableViewCell.m in Sources */ = {isa = PBXBuildFile; fileRef = 5268FE1F24D2B1D800CBB01A /* MECBaseMenuViewTableViewCell.m */; };
		527EB96524D94AE100627E57 /* MECSetTemperatureViewController.m in Sources */ = {isa = PBXBuildFile; fileRef = 527EB96424D94AE100627E57 /* MECSetTemperatureViewController.m */; };
		5281373F24DE820900FF1546 /* MECBindDeviceListInfoModel.m in Sources */ = {isa = PBXBuildFile; fileRef = 5281373E24DE820900FF1546 /* MECBindDeviceListInfoModel.m */; };
		5281374224DE821600FF1546 /* MECBindDeviceDetailInfoModel.m in Sources */ = {isa = PBXBuildFile; fileRef = 5281374124DE821600FF1546 /* MECBindDeviceDetailInfoModel.m */; };
		52D57BA524CEC12800745720 /* MECBaseViewController.m in Sources */ = {isa = PBXBuildFile; fileRef = 52D57B9224CEC12800745720 /* MECBaseViewController.m */; };
		52D57BA624CEC12800745720 /* MECNavigationController.m in Sources */ = {isa = PBXBuildFile; fileRef = 52D57B9524CEC12800745720 /* MECNavigationController.m */; };
		52D57BA724CEC12800745720 /* MECTabBarController.m in Sources */ = {isa = PBXBuildFile; fileRef = 52D57B9724CEC12800745720 /* MECTabBarController.m */; };
		52D57BAA24CEC32800745720 /* MECLoginViewController.m in Sources */ = {isa = PBXBuildFile; fileRef = 52D57BA924CEC32800745720 /* MECLoginViewController.m */; };
		52D57BAF24CECDA000745720 /* MECDefaultButton.m in Sources */ = {isa = PBXBuildFile; fileRef = 52D57BAE24CECDA000745720 /* MECDefaultButton.m */; };
		52D57BB224CEDA3900745720 /* MECRegistrationViewController.m in Sources */ = {isa = PBXBuildFile; fileRef = 52D57BB124CEDA3900745720 /* MECRegistrationViewController.m */; };
		52D57BB524CEF8EC00745720 /* MECMineViewController.m in Sources */ = {isa = PBXBuildFile; fileRef = 52D57BB424CEF8EC00745720 /* MECMineViewController.m */; };
		52DD0F1824D3B1FE00426629 /* MBProgressHUD+PH.m in Sources */ = {isa = PBXBuildFile; fileRef = 52DD0F1524D3B1FE00426629 /* MBProgressHUD+PH.m */; };
		52DD0F1924D3B1FE00426629 /* MBProgressHUD.bundle in Resources */ = {isa = PBXBuildFile; fileRef = 52DD0F1724D3B1FE00426629 /* MBProgressHUD.bundle */; };
		52DD0F2324D3B37000426629 /* QCNetWorkManager+QCExtension.m in Sources */ = {isa = PBXBuildFile; fileRef = 52DD0F1D24D3B37000426629 /* QCNetWorkManager+QCExtension.m */; };
		52DD0F2424D3B37000426629 /* QCNetWorkClient.m in Sources */ = {isa = PBXBuildFile; fileRef = 52DD0F1F24D3B37000426629 /* QCNetWorkClient.m */; };
		52DD0F2524D3B37000426629 /* QCNetWorkManager.m in Sources */ = {isa = PBXBuildFile; fileRef = 52DD0F2024D3B37000426629 /* QCNetWorkManager.m */; };
		52DD0F2624D3B37000426629 /* QCNetWorkResult.m in Sources */ = {isa = PBXBuildFile; fileRef = 52DD0F2224D3B37000426629 /* QCNetWorkResult.m */; };
		52DD0F3C24D3B3E200426629 /* UIView+QCExtension.m in Sources */ = {isa = PBXBuildFile; fileRef = 52DD0F2824D3B3E200426629 /* UIView+QCExtension.m */; };
		52DD0F3E24D3B3E200426629 /* UIFont+QCExtension.m in Sources */ = {isa = PBXBuildFile; fileRef = 52DD0F2A24D3B3E200426629 /* UIFont+QCExtension.m */; };
		52DD0F3F24D3B3E200426629 /* NSObject+QCExtension.m in Sources */ = {isa = PBXBuildFile; fileRef = 52DD0F2B24D3B3E200426629 /* NSObject+QCExtension.m */; };
		52DD0F4024D3B3E200426629 /* NSDictionary+QCCategory.m in Sources */ = {isa = PBXBuildFile; fileRef = 52DD0F2D24D3B3E200426629 /* NSDictionary+QCCategory.m */; };
		52DD0F4224D3B3E200426629 /* NSString+QCExtension.m in Sources */ = {isa = PBXBuildFile; fileRef = 52DD0F3124D3B3E200426629 /* NSString+QCExtension.m */; };
		52DD0F4324D3B3E200426629 /* NSData+QCExtension.m in Sources */ = {isa = PBXBuildFile; fileRef = 52DD0F3624D3B3E200426629 /* NSData+QCExtension.m */; };
		52DD0F4424D3B3E200426629 /* UIImage+QCExtension.m in Sources */ = {isa = PBXBuildFile; fileRef = 52DD0F3924D3B3E200426629 /* UIImage+QCExtension.m */; };
		52DD0F4524D3B3E200426629 /* UIResponder+Router.m in Sources */ = {isa = PBXBuildFile; fileRef = 52DD0F3B24D3B3E200426629 /* UIResponder+Router.m */; };
		52DD0F4924D3B4E000426629 /* QCUrlConst.m in Sources */ = {isa = PBXBuildFile; fileRef = 52DD0F4724D3B4E000426629 /* QCUrlConst.m */; };
		52DD0F4D24D3EB1100426629 /* MECUserManager.m in Sources */ = {isa = PBXBuildFile; fileRef = 52DD0F4C24D3EB1100426629 /* MECUserManager.m */; };
		52DD0F5124D3EBEC00426629 /* MECUserModel.m in Sources */ = {isa = PBXBuildFile; fileRef = 52DD0F5024D3EBEC00426629 /* MECUserModel.m */; };
		52F0F40724CFFBB8005085C0 /* MECDeviceListViewController.m in Sources */ = {isa = PBXBuildFile; fileRef = 52F0F40624CFFBB8005085C0 /* MECDeviceListViewController.m */; };
		52F0F40A24D00367005085C0 /* MECMineModifyInfoView.m in Sources */ = {isa = PBXBuildFile; fileRef = 52F0F40924D00367005085C0 /* MECMineModifyInfoView.m */; };
		52F0F40D24D00384005085C0 /* MECDeviceListView.m in Sources */ = {isa = PBXBuildFile; fileRef = 52F0F40C24D00384005085C0 /* MECDeviceListView.m */; };
		52F0F41024D006F4005085C0 /* MECMineBottomView.m in Sources */ = {isa = PBXBuildFile; fileRef = 52F0F40F24D006F4005085C0 /* MECMineBottomView.m */; };
		52F0F41324D01522005085C0 /* MECDeviceListSingleInfoTableViewCell.m in Sources */ = {isa = PBXBuildFile; fileRef = 52F0F41224D01522005085C0 /* MECDeviceListSingleInfoTableViewCell.m */; };
		52F0F41624D02056005085C0 /* MECDeviceListFootInfoTableViewCell.m in Sources */ = {isa = PBXBuildFile; fileRef = 52F0F41524D02056005085C0 /* MECDeviceListFootInfoTableViewCell.m */; };
		52F0F41924D025EE005085C0 /* MECDevicesDetailViewController.m in Sources */ = {isa = PBXBuildFile; fileRef = 52F0F41824D025EE005085C0 /* MECDevicesDetailViewController.m */; };
		52F0F41C24D026AE005085C0 /* MECDevicesBluetoothTableViewCell.m in Sources */ = {isa = PBXBuildFile; fileRef = 52F0F41B24D026AE005085C0 /* MECDevicesBluetoothTableViewCell.m */; };
/* End PBXBuildFile section */

/* Begin PBXFileReference section */
		520B5D3624EE66B6004F84C7 /* MECWebViewController.h */ = {isa = PBXFileReference; lastKnownFileType = sourcecode.c.h; path = MECWebViewController.h; sourceTree = "<group>"; };
		520B5D3724EE66B6004F84C7 /* MECWebViewController.m */ = {isa = PBXFileReference; lastKnownFileType = sourcecode.c.objc; path = MECWebViewController.m; sourceTree = "<group>"; };
		521EF1A224CE780800455497 /* Venture Heat.app */ = {isa = PBXFileReference; explicitFileType = wrapper.application; includeInIndex = 0; path = "Venture Heat.app"; sourceTree = BUILT_PRODUCTS_DIR; };
		521EF1A524CE780800455497 /* AppDelegate.h */ = {isa = PBXFileReference; lastKnownFileType = sourcecode.c.h; path = AppDelegate.h; sourceTree = "<group>"; };
		521EF1A624CE780800455497 /* AppDelegate.m */ = {isa = PBXFileReference; lastKnownFileType = sourcecode.c.objc; path = AppDelegate.m; sourceTree = "<group>"; };
		521EF1AF24CE780800455497 /* Base */ = {isa = PBXFileReference; lastKnownFileType = file.storyboard; name = Base; path = Base.lproj/Main.storyboard; sourceTree = "<group>"; };
		521EF1B124CE780A00455497 /* Assets.xcassets */ = {isa = PBXFileReference; lastKnownFileType = folder.assetcatalog; path = Assets.xcassets; sourceTree = "<group>"; };
		521EF1B424CE780A00455497 /* Base */ = {isa = PBXFileReference; lastKnownFileType = file.storyboard; name = Base; path = Base.lproj/LaunchScreen.storyboard; sourceTree = "<group>"; };
		521EF1B624CE780A00455497 /* Info.plist */ = {isa = PBXFileReference; lastKnownFileType = text.plist.xml; path = Info.plist; sourceTree = "<group>"; };
		521EF1B724CE780A00455497 /* main.m */ = {isa = PBXFileReference; lastKnownFileType = sourcecode.c.objc; path = main.m; sourceTree = "<group>"; };
		524B19BA24D82D53002A8755 /* MECTools.h */ = {isa = PBXFileReference; lastKnownFileType = sourcecode.c.h; path = MECTools.h; sourceTree = "<group>"; };
		524B19BB24D82D53002A8755 /* MECTools.m */ = {isa = PBXFileReference; lastKnownFileType = sourcecode.c.objc; path = MECTools.m; sourceTree = "<group>"; };
		5258389D24DBF218007E1E13 /* MECTemperatureCircleAnimationView.h */ = {isa = PBXFileReference; lastKnownFileType = sourcecode.c.h; path = MECTemperatureCircleAnimationView.h; sourceTree = "<group>"; };
		5258389E24DBF218007E1E13 /* MECTemperatureCircleAnimationView.m */ = {isa = PBXFileReference; lastKnownFileType = sourcecode.c.objc; path = MECTemperatureCircleAnimationView.m; sourceTree = "<group>"; };
		525838A024DBF248007E1E13 /* MECCircleAnimationView.h */ = {isa = PBXFileReference; lastKnownFileType = sourcecode.c.h; path = MECCircleAnimationView.h; sourceTree = "<group>"; };
		525838A124DBF248007E1E13 /* MECCircleAnimationView.m */ = {isa = PBXFileReference; lastKnownFileType = sourcecode.c.objc; path = MECCircleAnimationView.m; sourceTree = "<group>"; };
		5268FE1824D269DB00CBB01A /* MECNoDeviceFoundViewController.h */ = {isa = PBXFileReference; lastKnownFileType = sourcecode.c.h; path = MECNoDeviceFoundViewController.h; sourceTree = "<group>"; };
		5268FE1924D269DB00CBB01A /* MECNoDeviceFoundViewController.m */ = {isa = PBXFileReference; lastKnownFileType = sourcecode.c.objc; path = MECNoDeviceFoundViewController.m; sourceTree = "<group>"; };
		5268FE1B24D2B0D200CBB01A /* MECBaseMenuView.h */ = {isa = PBXFileReference; lastKnownFileType = sourcecode.c.h; path = MECBaseMenuView.h; sourceTree = "<group>"; };
		5268FE1C24D2B0D200CBB01A /* MECBaseMenuView.m */ = {isa = PBXFileReference; lastKnownFileType = sourcecode.c.objc; path = MECBaseMenuView.m; sourceTree = "<group>"; };
		5268FE1E24D2B1D800CBB01A /* MECBaseMenuViewTableViewCell.h */ = {isa = PBXFileReference; lastKnownFileType = sourcecode.c.h; path = MECBaseMenuViewTableViewCell.h; sourceTree = "<group>"; };
		5268FE1F24D2B1D800CBB01A /* MECBaseMenuViewTableViewCell.m */ = {isa = PBXFileReference; lastKnownFileType = sourcecode.c.objc; path = MECBaseMenuViewTableViewCell.m; sourceTree = "<group>"; };
		527EB96324D94AE100627E57 /* MECSetTemperatureViewController.h */ = {isa = PBXFileReference; lastKnownFileType = sourcecode.c.h; path = MECSetTemperatureViewController.h; sourceTree = "<group>"; };
		527EB96424D94AE100627E57 /* MECSetTemperatureViewController.m */ = {isa = PBXFileReference; lastKnownFileType = sourcecode.c.objc; path = MECSetTemperatureViewController.m; sourceTree = "<group>"; };
		5281373D24DE820900FF1546 /* MECBindDeviceListInfoModel.h */ = {isa = PBXFileReference; lastKnownFileType = sourcecode.c.h; path = MECBindDeviceListInfoModel.h; sourceTree = "<group>"; };
		5281373E24DE820900FF1546 /* MECBindDeviceListInfoModel.m */ = {isa = PBXFileReference; lastKnownFileType = sourcecode.c.objc; path = MECBindDeviceListInfoModel.m; sourceTree = "<group>"; };
		5281374024DE821600FF1546 /* MECBindDeviceDetailInfoModel.h */ = {isa = PBXFileReference; lastKnownFileType = sourcecode.c.h; path = MECBindDeviceDetailInfoModel.h; sourceTree = "<group>"; };
		5281374124DE821600FF1546 /* MECBindDeviceDetailInfoModel.m */ = {isa = PBXFileReference; lastKnownFileType = sourcecode.c.objc; path = MECBindDeviceDetailInfoModel.m; sourceTree = "<group>"; };
		52D57B9024CEC12800745720 /* MECNavigationController.h */ = {isa = PBXFileReference; fileEncoding = 4; lastKnownFileType = sourcecode.c.h; path = MECNavigationController.h; sourceTree = "<group>"; };
		52D57B9124CEC12800745720 /* MECGolablMacro.h */ = {isa = PBXFileReference; fileEncoding = 4; lastKnownFileType = sourcecode.c.h; path = MECGolablMacro.h; sourceTree = "<group>"; };
		52D57B9224CEC12800745720 /* MECBaseViewController.m */ = {isa = PBXFileReference; fileEncoding = 4; lastKnownFileType = sourcecode.c.objc; path = MECBaseViewController.m; sourceTree = "<group>"; };
		52D57B9324CEC12800745720 /* MECTabBarController.h */ = {isa = PBXFileReference; fileEncoding = 4; lastKnownFileType = sourcecode.c.h; path = MECTabBarController.h; sourceTree = "<group>"; };
		52D57B9424CEC12800745720 /* MECPrefix.pch */ = {isa = PBXFileReference; fileEncoding = 4; lastKnownFileType = sourcecode.c.h; path = MECPrefix.pch; sourceTree = "<group>"; };
		52D57B9524CEC12800745720 /* MECNavigationController.m */ = {isa = PBXFileReference; fileEncoding = 4; lastKnownFileType = sourcecode.c.objc; path = MECNavigationController.m; sourceTree = "<group>"; };
		52D57B9624CEC12800745720 /* MECBaseViewController.h */ = {isa = PBXFileReference; fileEncoding = 4; lastKnownFileType = sourcecode.c.h; path = MECBaseViewController.h; sourceTree = "<group>"; };
		52D57B9724CEC12800745720 /* MECTabBarController.m */ = {isa = PBXFileReference; fileEncoding = 4; lastKnownFileType = sourcecode.c.objc; path = MECTabBarController.m; sourceTree = "<group>"; };
		52D57BA824CEC32800745720 /* MECLoginViewController.h */ = {isa = PBXFileReference; lastKnownFileType = sourcecode.c.h; path = MECLoginViewController.h; sourceTree = "<group>"; };
		52D57BA924CEC32800745720 /* MECLoginViewController.m */ = {isa = PBXFileReference; lastKnownFileType = sourcecode.c.objc; path = MECLoginViewController.m; sourceTree = "<group>"; };
		52D57BAB24CEC74200745720 /* MECGolablHeader.h */ = {isa = PBXFileReference; lastKnownFileType = sourcecode.c.h; path = MECGolablHeader.h; sourceTree = "<group>"; };
		52D57BAD24CECDA000745720 /* MECDefaultButton.h */ = {isa = PBXFileReference; lastKnownFileType = sourcecode.c.h; path = MECDefaultButton.h; sourceTree = "<group>"; };
		52D57BAE24CECDA000745720 /* MECDefaultButton.m */ = {isa = PBXFileReference; lastKnownFileType = sourcecode.c.objc; path = MECDefaultButton.m; sourceTree = "<group>"; };
		52D57BB024CEDA3900745720 /* MECRegistrationViewController.h */ = {isa = PBXFileReference; lastKnownFileType = sourcecode.c.h; path = MECRegistrationViewController.h; sourceTree = "<group>"; };
		52D57BB124CEDA3900745720 /* MECRegistrationViewController.m */ = {isa = PBXFileReference; lastKnownFileType = sourcecode.c.objc; path = MECRegistrationViewController.m; sourceTree = "<group>"; };
		52D57BB324CEF8EC00745720 /* MECMineViewController.h */ = {isa = PBXFileReference; lastKnownFileType = sourcecode.c.h; path = MECMineViewController.h; sourceTree = "<group>"; };
		52D57BB424CEF8EC00745720 /* MECMineViewController.m */ = {isa = PBXFileReference; lastKnownFileType = sourcecode.c.objc; path = MECMineViewController.m; sourceTree = "<group>"; };
		52DD0F1524D3B1FE00426629 /* MBProgressHUD+PH.m */ = {isa = PBXFileReference; fileEncoding = 4; lastKnownFileType = sourcecode.c.objc; path = "MBProgressHUD+PH.m"; sourceTree = "<group>"; };
		52DD0F1624D3B1FE00426629 /* MBProgressHUD+PH.h */ = {isa = PBXFileReference; fileEncoding = 4; lastKnownFileType = sourcecode.c.h; path = "MBProgressHUD+PH.h"; sourceTree = "<group>"; };
		52DD0F1724D3B1FE00426629 /* MBProgressHUD.bundle */ = {isa = PBXFileReference; lastKnownFileType = "wrapper.plug-in"; path = MBProgressHUD.bundle; sourceTree = "<group>"; };
		52DD0F1B24D3B37000426629 /* QCNetWorkManager.h */ = {isa = PBXFileReference; fileEncoding = 4; lastKnownFileType = sourcecode.c.h; path = QCNetWorkManager.h; sourceTree = "<group>"; };
		52DD0F1C24D3B37000426629 /* QCNetWorkClient.h */ = {isa = PBXFileReference; fileEncoding = 4; lastKnownFileType = sourcecode.c.h; path = QCNetWorkClient.h; sourceTree = "<group>"; };
		52DD0F1D24D3B37000426629 /* QCNetWorkManager+QCExtension.m */ = {isa = PBXFileReference; fileEncoding = 4; lastKnownFileType = sourcecode.c.objc; path = "QCNetWorkManager+QCExtension.m"; sourceTree = "<group>"; };
		52DD0F1E24D3B37000426629 /* QCNetWorkResult.h */ = {isa = PBXFileReference; fileEncoding = 4; lastKnownFileType = sourcecode.c.h; path = QCNetWorkResult.h; sourceTree = "<group>"; };
		52DD0F1F24D3B37000426629 /* QCNetWorkClient.m */ = {isa = PBXFileReference; fileEncoding = 4; lastKnownFileType = sourcecode.c.objc; path = QCNetWorkClient.m; sourceTree = "<group>"; };
		52DD0F2024D3B37000426629 /* QCNetWorkManager.m */ = {isa = PBXFileReference; fileEncoding = 4; lastKnownFileType = sourcecode.c.objc; path = QCNetWorkManager.m; sourceTree = "<group>"; };
		52DD0F2124D3B37000426629 /* QCNetWorkManager+QCExtension.h */ = {isa = PBXFileReference; fileEncoding = 4; lastKnownFileType = sourcecode.c.h; path = "QCNetWorkManager+QCExtension.h"; sourceTree = "<group>"; };
		52DD0F2224D3B37000426629 /* QCNetWorkResult.m */ = {isa = PBXFileReference; fileEncoding = 4; lastKnownFileType = sourcecode.c.objc; path = QCNetWorkResult.m; sourceTree = "<group>"; };
		52DD0F2824D3B3E200426629 /* UIView+QCExtension.m */ = {isa = PBXFileReference; fileEncoding = 4; lastKnownFileType = sourcecode.c.objc; path = "UIView+QCExtension.m"; sourceTree = "<group>"; };
		52DD0F2A24D3B3E200426629 /* UIFont+QCExtension.m */ = {isa = PBXFileReference; fileEncoding = 4; lastKnownFileType = sourcecode.c.objc; path = "UIFont+QCExtension.m"; sourceTree = "<group>"; };
		52DD0F2B24D3B3E200426629 /* NSObject+QCExtension.m */ = {isa = PBXFileReference; fileEncoding = 4; lastKnownFileType = sourcecode.c.objc; path = "NSObject+QCExtension.m"; sourceTree = "<group>"; };
		52DD0F2C24D3B3E200426629 /* UIImage+QCExtension.h */ = {isa = PBXFileReference; fileEncoding = 4; lastKnownFileType = sourcecode.c.h; path = "UIImage+QCExtension.h"; sourceTree = "<group>"; };
		52DD0F2D24D3B3E200426629 /* NSDictionary+QCCategory.m */ = {isa = PBXFileReference; fileEncoding = 4; lastKnownFileType = sourcecode.c.objc; path = "NSDictionary+QCCategory.m"; sourceTree = "<group>"; };
		52DD0F2F24D3B3E200426629 /* NSData+QCExtension.h */ = {isa = PBXFileReference; fileEncoding = 4; lastKnownFileType = sourcecode.c.h; path = "NSData+QCExtension.h"; sourceTree = "<group>"; };
		52DD0F3024D3B3E200426629 /* UIResponder+Router.h */ = {isa = PBXFileReference; fileEncoding = 4; lastKnownFileType = sourcecode.c.h; path = "UIResponder+Router.h"; sourceTree = "<group>"; };
		52DD0F3124D3B3E200426629 /* NSString+QCExtension.m */ = {isa = PBXFileReference; fileEncoding = 4; lastKnownFileType = sourcecode.c.objc; path = "NSString+QCExtension.m"; sourceTree = "<group>"; };
		52DD0F3224D3B3E200426629 /* UIFont+QCExtension.h */ = {isa = PBXFileReference; fileEncoding = 4; lastKnownFileType = sourcecode.c.h; path = "UIFont+QCExtension.h"; sourceTree = "<group>"; };
		52DD0F3324D3B3E200426629 /* NSObject+QCExtension.h */ = {isa = PBXFileReference; fileEncoding = 4; lastKnownFileType = sourcecode.c.h; path = "NSObject+QCExtension.h"; sourceTree = "<group>"; };
		52DD0F3524D3B3E200426629 /* UIView+QCExtension.h */ = {isa = PBXFileReference; fileEncoding = 4; lastKnownFileType = sourcecode.c.h; path = "UIView+QCExtension.h"; sourceTree = "<group>"; };
		52DD0F3624D3B3E200426629 /* NSData+QCExtension.m */ = {isa = PBXFileReference; fileEncoding = 4; lastKnownFileType = sourcecode.c.objc; path = "NSData+QCExtension.m"; sourceTree = "<group>"; };
		52DD0F3824D3B3E200426629 /* NSDictionary+QCCategory.h */ = {isa = PBXFileReference; fileEncoding = 4; lastKnownFileType = sourcecode.c.h; path = "NSDictionary+QCCategory.h"; sourceTree = "<group>"; };
		52DD0F3924D3B3E200426629 /* UIImage+QCExtension.m */ = {isa = PBXFileReference; fileEncoding = 4; lastKnownFileType = sourcecode.c.objc; path = "UIImage+QCExtension.m"; sourceTree = "<group>"; };
		52DD0F3A24D3B3E200426629 /* NSString+QCExtension.h */ = {isa = PBXFileReference; fileEncoding = 4; lastKnownFileType = sourcecode.c.h; path = "NSString+QCExtension.h"; sourceTree = "<group>"; };
		52DD0F3B24D3B3E200426629 /* UIResponder+Router.m */ = {isa = PBXFileReference; fileEncoding = 4; lastKnownFileType = sourcecode.c.objc; path = "UIResponder+Router.m"; sourceTree = "<group>"; };
		52DD0F4724D3B4E000426629 /* QCUrlConst.m */ = {isa = PBXFileReference; fileEncoding = 4; lastKnownFileType = sourcecode.c.objc; path = QCUrlConst.m; sourceTree = "<group>"; };
		52DD0F4824D3B4E000426629 /* QCUrlConst.h */ = {isa = PBXFileReference; fileEncoding = 4; lastKnownFileType = sourcecode.c.h; path = QCUrlConst.h; sourceTree = "<group>"; };
		52DD0F4B24D3EB1100426629 /* MECUserManager.h */ = {isa = PBXFileReference; lastKnownFileType = sourcecode.c.h; path = MECUserManager.h; sourceTree = "<group>"; };
		52DD0F4C24D3EB1100426629 /* MECUserManager.m */ = {isa = PBXFileReference; lastKnownFileType = sourcecode.c.objc; path = MECUserManager.m; sourceTree = "<group>"; };
		52DD0F4F24D3EBEC00426629 /* MECUserModel.h */ = {isa = PBXFileReference; lastKnownFileType = sourcecode.c.h; path = MECUserModel.h; sourceTree = "<group>"; };
		52DD0F5024D3EBEC00426629 /* MECUserModel.m */ = {isa = PBXFileReference; lastKnownFileType = sourcecode.c.objc; path = MECUserModel.m; sourceTree = "<group>"; };
		52F0F40524CFFBB8005085C0 /* MECDeviceListViewController.h */ = {isa = PBXFileReference; lastKnownFileType = sourcecode.c.h; path = MECDeviceListViewController.h; sourceTree = "<group>"; };
		52F0F40624CFFBB8005085C0 /* MECDeviceListViewController.m */ = {isa = PBXFileReference; lastKnownFileType = sourcecode.c.objc; path = MECDeviceListViewController.m; sourceTree = "<group>"; };
		52F0F40824D00367005085C0 /* MECMineModifyInfoView.h */ = {isa = PBXFileReference; lastKnownFileType = sourcecode.c.h; path = MECMineModifyInfoView.h; sourceTree = "<group>"; };
		52F0F40924D00367005085C0 /* MECMineModifyInfoView.m */ = {isa = PBXFileReference; lastKnownFileType = sourcecode.c.objc; path = MECMineModifyInfoView.m; sourceTree = "<group>"; };
		52F0F40B24D00384005085C0 /* MECDeviceListView.h */ = {isa = PBXFileReference; lastKnownFileType = sourcecode.c.h; path = MECDeviceListView.h; sourceTree = "<group>"; };
		52F0F40C24D00384005085C0 /* MECDeviceListView.m */ = {isa = PBXFileReference; lastKnownFileType = sourcecode.c.objc; path = MECDeviceListView.m; sourceTree = "<group>"; };
		52F0F40E24D006F4005085C0 /* MECMineBottomView.h */ = {isa = PBXFileReference; lastKnownFileType = sourcecode.c.h; path = MECMineBottomView.h; sourceTree = "<group>"; };
		52F0F40F24D006F4005085C0 /* MECMineBottomView.m */ = {isa = PBXFileReference; lastKnownFileType = sourcecode.c.objc; path = MECMineBottomView.m; sourceTree = "<group>"; };
		52F0F41124D01522005085C0 /* MECDeviceListSingleInfoTableViewCell.h */ = {isa = PBXFileReference; lastKnownFileType = sourcecode.c.h; path = MECDeviceListSingleInfoTableViewCell.h; sourceTree = "<group>"; };
		52F0F41224D01522005085C0 /* MECDeviceListSingleInfoTableViewCell.m */ = {isa = PBXFileReference; lastKnownFileType = sourcecode.c.objc; path = MECDeviceListSingleInfoTableViewCell.m; sourceTree = "<group>"; };
		52F0F41424D02056005085C0 /* MECDeviceListFootInfoTableViewCell.h */ = {isa = PBXFileReference; lastKnownFileType = sourcecode.c.h; path = MECDeviceListFootInfoTableViewCell.h; sourceTree = "<group>"; };
		52F0F41524D02056005085C0 /* MECDeviceListFootInfoTableViewCell.m */ = {isa = PBXFileReference; lastKnownFileType = sourcecode.c.objc; path = MECDeviceListFootInfoTableViewCell.m; sourceTree = "<group>"; };
		52F0F41724D025EE005085C0 /* MECDevicesDetailViewController.h */ = {isa = PBXFileReference; lastKnownFileType = sourcecode.c.h; path = MECDevicesDetailViewController.h; sourceTree = "<group>"; };
		52F0F41824D025EE005085C0 /* MECDevicesDetailViewController.m */ = {isa = PBXFileReference; lastKnownFileType = sourcecode.c.objc; path = MECDevicesDetailViewController.m; sourceTree = "<group>"; };
		52F0F41A24D026AE005085C0 /* MECDevicesBluetoothTableViewCell.h */ = {isa = PBXFileReference; lastKnownFileType = sourcecode.c.h; path = MECDevicesBluetoothTableViewCell.h; sourceTree = "<group>"; };
		52F0F41B24D026AE005085C0 /* MECDevicesBluetoothTableViewCell.m */ = {isa = PBXFileReference; lastKnownFileType = sourcecode.c.objc; path = MECDevicesBluetoothTableViewCell.m; sourceTree = "<group>"; };
		8BCEA4B1ED64B115BA9D1451 /* Pods-MEC.release.xcconfig */ = {isa = PBXFileReference; includeInIndex = 1; lastKnownFileType = text.xcconfig; name = "Pods-MEC.release.xcconfig"; path = "Target Support Files/Pods-MEC/Pods-MEC.release.xcconfig"; sourceTree = "<group>"; };
		BCDE00B2B163A0F4068DE7D1 /* Pods-MEC.debug.xcconfig */ = {isa = PBXFileReference; includeInIndex = 1; lastKnownFileType = text.xcconfig; name = "Pods-MEC.debug.xcconfig"; path = "Target Support Files/Pods-MEC/Pods-MEC.debug.xcconfig"; sourceTree = "<group>"; };
		F1E5648184B16A5A9F5A4322 /* Pods_MEC.framework */ = {isa = PBXFileReference; explicitFileType = wrapper.framework; includeInIndex = 0; path = Pods_MEC.framework; sourceTree = BUILT_PRODUCTS_DIR; };
/* End PBXFileReference section */

/* Begin PBXFrameworksBuildPhase section */
		521EF19F24CE780800455497 /* Frameworks */ = {
			isa = PBXFrameworksBuildPhase;
			buildActionMask = 2147483647;
			files = (
				11C69E0B485F3BEF954C9D7E /* Pods_MEC.framework in Frameworks */,
			);
			runOnlyForDeploymentPostprocessing = 0;
		};
/* End PBXFrameworksBuildPhase section */

/* Begin PBXGroup section */
		225A675D0D47272147D180D1 /* Frameworks */ = {
			isa = PBXGroup;
			children = (
				F1E5648184B16A5A9F5A4322 /* Pods_MEC.framework */,
			);
			name = Frameworks;
			sourceTree = "<group>";
		};
		521EF19924CE780800455497 = {
			isa = PBXGroup;
			children = (
				521EF1A424CE780800455497 /* MEC */,
				521EF1A324CE780800455497 /* Products */,
				6DFC9341C81B99154F7E2FAE /* Pods */,
				225A675D0D47272147D180D1 /* Frameworks */,
			);
			sourceTree = "<group>";
		};
		521EF1A324CE780800455497 /* Products */ = {
			isa = PBXGroup;
			children = (
				521EF1A224CE780800455497 /* Venture Heat.app */,
			);
			name = Products;
			sourceTree = "<group>";
		};
		521EF1A424CE780800455497 /* MEC */ = {
			isa = PBXGroup;
			children = (
				52DD0F1324D3B1FE00426629 /* Other */,
				521EF1A524CE780800455497 /* AppDelegate.h */,
				521EF1A624CE780800455497 /* AppDelegate.m */,
				52D57B8F24CEC12800745720 /* Base */,
				52D57B9824CEC12800745720 /* Business */,
				521EF1AE24CE780800455497 /* Main.storyboard */,
				521EF1B124CE780A00455497 /* Assets.xcassets */,
				521EF1B324CE780A00455497 /* LaunchScreen.storyboard */,
				521EF1B624CE780A00455497 /* Info.plist */,
				521EF1B724CE780A00455497 /* main.m */,
			);
			path = MEC;
			sourceTree = "<group>";
		};
		524B19B924D82CB3002A8755 /* Tools */ = {
			isa = PBXGroup;
			children = (
				524B19BA24D82D53002A8755 /* MECTools.h */,
				524B19BB24D82D53002A8755 /* MECTools.m */,
			);
			path = Tools;
			sourceTree = "<group>";
		};
		52D57B8F24CEC12800745720 /* Base */ = {
			isa = PBXGroup;
			children = (
				52D57BAC24CECD8400745720 /* BaseUI */,
				52D57B9624CEC12800745720 /* MECBaseViewController.h */,
				52D57B9224CEC12800745720 /* MECBaseViewController.m */,
				52D57B9324CEC12800745720 /* MECTabBarController.h */,
				52D57B9724CEC12800745720 /* MECTabBarController.m */,
				52D57B9024CEC12800745720 /* MECNavigationController.h */,
				52D57B9524CEC12800745720 /* MECNavigationController.m */,
				52D57B9424CEC12800745720 /* MECPrefix.pch */,
				52D57B9124CEC12800745720 /* MECGolablMacro.h */,
				52D57BAB24CEC74200745720 /* MECGolablHeader.h */,
				520B5D3624EE66B6004F84C7 /* MECWebViewController.h */,
				520B5D3724EE66B6004F84C7 /* MECWebViewController.m */,
			);
			path = Base;
			sourceTree = "<group>";
		};
		52D57B9824CEC12800745720 /* Business */ = {
			isa = PBXGroup;
			children = (
				52D57B9924CEC12800745720 /* DeviceList */,
				52D57B9D24CEC12800745720 /* Mine */,
				52D57BA124CEC12800745720 /* Login */,
			);
			path = Business;
			sourceTree = "<group>";
		};
		52D57B9924CEC12800745720 /* DeviceList */ = {
			isa = PBXGroup;
			children = (
				52D57B9A24CEC12800745720 /* Models */,
				52D57B9B24CEC12800745720 /* Controllers */,
				52D57B9C24CEC12800745720 /* Views */,
			);
			path = DeviceList;
			sourceTree = "<group>";
		};
		52D57B9A24CEC12800745720 /* Models */ = {
			isa = PBXGroup;
			children = (
				5281373D24DE820900FF1546 /* MECBindDeviceListInfoModel.h */,
				5281373E24DE820900FF1546 /* MECBindDeviceListInfoModel.m */,
				5281374024DE821600FF1546 /* MECBindDeviceDetailInfoModel.h */,
				5281374124DE821600FF1546 /* MECBindDeviceDetailInfoModel.m */,
			);
			path = Models;
			sourceTree = "<group>";
		};
		52D57B9B24CEC12800745720 /* Controllers */ = {
			isa = PBXGroup;
			children = (
				52F0F40524CFFBB8005085C0 /* MECDeviceListViewController.h */,
				52F0F40624CFFBB8005085C0 /* MECDeviceListViewController.m */,
				52F0F41724D025EE005085C0 /* MECDevicesDetailViewController.h */,
				52F0F41824D025EE005085C0 /* MECDevicesDetailViewController.m */,
				5268FE1824D269DB00CBB01A /* MECNoDeviceFoundViewController.h */,
				5268FE1924D269DB00CBB01A /* MECNoDeviceFoundViewController.m */,
				527EB96324D94AE100627E57 /* MECSetTemperatureViewController.h */,
				527EB96424D94AE100627E57 /* MECSetTemperatureViewController.m */,
			);
			path = Controllers;
			sourceTree = "<group>";
		};
		52D57B9C24CEC12800745720 /* Views */ = {
			isa = PBXGroup;
			children = (
				52F0F41A24D026AE005085C0 /* MECDevicesBluetoothTableViewCell.h */,
				52F0F41B24D026AE005085C0 /* MECDevicesBluetoothTableViewCell.m */,
				5258389D24DBF218007E1E13 /* MECTemperatureCircleAnimationView.h */,
				5258389E24DBF218007E1E13 /* MECTemperatureCircleAnimationView.m */,
				525838A024DBF248007E1E13 /* MECCircleAnimationView.h */,
				525838A124DBF248007E1E13 /* MECCircleAnimationView.m */,
			);
			path = Views;
			sourceTree = "<group>";
		};
		52D57B9D24CEC12800745720 /* Mine */ = {
			isa = PBXGroup;
			children = (
				52D57B9E24CEC12800745720 /* Models */,
				52D57B9F24CEC12800745720 /* Controllers */,
				52D57BA024CEC12800745720 /* Views */,
			);
			path = Mine;
			sourceTree = "<group>";
		};
		52D57B9E24CEC12800745720 /* Models */ = {
			isa = PBXGroup;
			children = (
			);
			path = Models;
			sourceTree = "<group>";
		};
		52D57B9F24CEC12800745720 /* Controllers */ = {
			isa = PBXGroup;
			children = (
				52D57BB324CEF8EC00745720 /* MECMineViewController.h */,
				52D57BB424CEF8EC00745720 /* MECMineViewController.m */,
			);
			path = Controllers;
			sourceTree = "<group>";
		};
		52D57BA024CEC12800745720 /* Views */ = {
			isa = PBXGroup;
			children = (
				52F0F40824D00367005085C0 /* MECMineModifyInfoView.h */,
				52F0F40924D00367005085C0 /* MECMineModifyInfoView.m */,
				52F0F40B24D00384005085C0 /* MECDeviceListView.h */,
				52F0F40C24D00384005085C0 /* MECDeviceListView.m */,
				52F0F40E24D006F4005085C0 /* MECMineBottomView.h */,
				52F0F40F24D006F4005085C0 /* MECMineBottomView.m */,
				52F0F41124D01522005085C0 /* MECDeviceListSingleInfoTableViewCell.h */,
				52F0F41224D01522005085C0 /* MECDeviceListSingleInfoTableViewCell.m */,
				52F0F41424D02056005085C0 /* MECDeviceListFootInfoTableViewCell.h */,
				52F0F41524D02056005085C0 /* MECDeviceListFootInfoTableViewCell.m */,
			);
			path = Views;
			sourceTree = "<group>";
		};
		52D57BA124CEC12800745720 /* Login */ = {
			isa = PBXGroup;
			children = (
				52D57BA224CEC12800745720 /* Models */,
				52D57BA324CEC12800745720 /* Controllers */,
				52D57BA424CEC12800745720 /* Views */,
			);
			path = Login;
			sourceTree = "<group>";
		};
		52D57BA224CEC12800745720 /* Models */ = {
			isa = PBXGroup;
			children = (
			);
			path = Models;
			sourceTree = "<group>";
		};
		52D57BA324CEC12800745720 /* Controllers */ = {
			isa = PBXGroup;
			children = (
				52D57BA824CEC32800745720 /* MECLoginViewController.h */,
				52D57BA924CEC32800745720 /* MECLoginViewController.m */,
				52D57BB024CEDA3900745720 /* MECRegistrationViewController.h */,
				52D57BB124CEDA3900745720 /* MECRegistrationViewController.m */,
			);
			path = Controllers;
			sourceTree = "<group>";
		};
		52D57BA424CEC12800745720 /* Views */ = {
			isa = PBXGroup;
			children = (
			);
			path = Views;
			sourceTree = "<group>";
		};
		52D57BAC24CECD8400745720 /* BaseUI */ = {
			isa = PBXGroup;
			children = (
				52D57BAD24CECDA000745720 /* MECDefaultButton.h */,
				52D57BAE24CECDA000745720 /* MECDefaultButton.m */,
				5268FE1B24D2B0D200CBB01A /* MECBaseMenuView.h */,
				5268FE1C24D2B0D200CBB01A /* MECBaseMenuView.m */,
				5268FE1E24D2B1D800CBB01A /* MECBaseMenuViewTableViewCell.h */,
				5268FE1F24D2B1D800CBB01A /* MECBaseMenuViewTableViewCell.m */,
			);
			path = BaseUI;
			sourceTree = "<group>";
		};
		52DD0F1324D3B1FE00426629 /* Other */ = {
			isa = PBXGroup;
			children = (
				524B19B924D82CB3002A8755 /* Tools */,
				52DD0F4E24D3EBDD00426629 /* Global */,
				52DD0F4A24D3EAF200426629 /* Singleton */,
				52DD0F4624D3B4E000426629 /* Const */,
				52DD0F2724D3B3E200426629 /* Category */,
				52DD0F1A24D3B37000426629 /* NetWork */,
				52DD0F1424D3B1FE00426629 /* MBProgessHUD+Extension */,
			);
			path = Other;
			sourceTree = "<group>";
		};
		52DD0F1424D3B1FE00426629 /* MBProgessHUD+Extension */ = {
			isa = PBXGroup;
			children = (
				52DD0F1524D3B1FE00426629 /* MBProgressHUD+PH.m */,
				52DD0F1624D3B1FE00426629 /* MBProgressHUD+PH.h */,
				52DD0F1724D3B1FE00426629 /* MBProgressHUD.bundle */,
			);
			path = "MBProgessHUD+Extension";
			sourceTree = "<group>";
		};
		52DD0F1A24D3B37000426629 /* NetWork */ = {
			isa = PBXGroup;
			children = (
				52DD0F1B24D3B37000426629 /* QCNetWorkManager.h */,
				52DD0F2024D3B37000426629 /* QCNetWorkManager.m */,
				52DD0F1C24D3B37000426629 /* QCNetWorkClient.h */,
				52DD0F1F24D3B37000426629 /* QCNetWorkClient.m */,
				52DD0F1E24D3B37000426629 /* QCNetWorkResult.h */,
				52DD0F2224D3B37000426629 /* QCNetWorkResult.m */,
				52DD0F2124D3B37000426629 /* QCNetWorkManager+QCExtension.h */,
				52DD0F1D24D3B37000426629 /* QCNetWorkManager+QCExtension.m */,
			);
			path = NetWork;
			sourceTree = "<group>";
		};
		52DD0F2724D3B3E200426629 /* Category */ = {
			isa = PBXGroup;
			children = (
				52DD0F3524D3B3E200426629 /* UIView+QCExtension.h */,
				52DD0F2824D3B3E200426629 /* UIView+QCExtension.m */,
				52DD0F3224D3B3E200426629 /* UIFont+QCExtension.h */,
				52DD0F2A24D3B3E200426629 /* UIFont+QCExtension.m */,
				52DD0F3324D3B3E200426629 /* NSObject+QCExtension.h */,
				52DD0F2B24D3B3E200426629 /* NSObject+QCExtension.m */,
				52DD0F2C24D3B3E200426629 /* UIImage+QCExtension.h */,
				52DD0F3924D3B3E200426629 /* UIImage+QCExtension.m */,
				52DD0F3824D3B3E200426629 /* NSDictionary+QCCategory.h */,
				52DD0F2D24D3B3E200426629 /* NSDictionary+QCCategory.m */,
				52DD0F2F24D3B3E200426629 /* NSData+QCExtension.h */,
				52DD0F3624D3B3E200426629 /* NSData+QCExtension.m */,
				52DD0F3024D3B3E200426629 /* UIResponder+Router.h */,
				52DD0F3B24D3B3E200426629 /* UIResponder+Router.m */,
				52DD0F3A24D3B3E200426629 /* NSString+QCExtension.h */,
				52DD0F3124D3B3E200426629 /* NSString+QCExtension.m */,
			);
			path = Category;
			sourceTree = "<group>";
		};
		52DD0F4624D3B4E000426629 /* Const */ = {
			isa = PBXGroup;
			children = (
				52DD0F4824D3B4E000426629 /* QCUrlConst.h */,
				52DD0F4724D3B4E000426629 /* QCUrlConst.m */,
			);
			path = Const;
			sourceTree = "<group>";
		};
		52DD0F4A24D3EAF200426629 /* Singleton */ = {
			isa = PBXGroup;
			children = (
				52DD0F4B24D3EB1100426629 /* MECUserManager.h */,
				52DD0F4C24D3EB1100426629 /* MECUserManager.m */,
			);
			path = Singleton;
			sourceTree = "<group>";
		};
		52DD0F4E24D3EBDD00426629 /* Global */ = {
			isa = PBXGroup;
			children = (
				52DD0F4F24D3EBEC00426629 /* MECUserModel.h */,
				52DD0F5024D3EBEC00426629 /* MECUserModel.m */,
			);
			path = Global;
			sourceTree = "<group>";
		};
		6DFC9341C81B99154F7E2FAE /* Pods */ = {
			isa = PBXGroup;
			children = (
				BCDE00B2B163A0F4068DE7D1 /* Pods-MEC.debug.xcconfig */,
				8BCEA4B1ED64B115BA9D1451 /* Pods-MEC.release.xcconfig */,
			);
			path = Pods;
			sourceTree = "<group>";
		};
/* End PBXGroup section */

/* Begin PBXNativeTarget section */
		521EF1A124CE780800455497 /* MEC */ = {
			isa = PBXNativeTarget;
			buildConfigurationList = 521EF1BB24CE780A00455497 /* Build configuration list for PBXNativeTarget "MEC" */;
			buildPhases = (
				0510C1F91BBFB282C53473A4 /* [CP] Check Pods Manifest.lock */,
				521EF19E24CE780800455497 /* Sources */,
				521EF19F24CE780800455497 /* Frameworks */,
				521EF1A024CE780800455497 /* Resources */,
				D816676D89A922D7A15D2019 /* [CP] Embed Pods Frameworks */,
			);
			buildRules = (
			);
			dependencies = (
			);
			name = MEC;
			productName = MEC;
			productReference = 521EF1A224CE780800455497 /* Venture Heat.app */;
			productType = "com.apple.product-type.application";
		};
/* End PBXNativeTarget section */

/* Begin PBXProject section */
		521EF19A24CE780800455497 /* Project object */ = {
			isa = PBXProject;
			attributes = {
				CLASSPREFIX = MEC;
				LastUpgradeCheck = 1130;
				ORGANIZATIONNAME = John;
				TargetAttributes = {
					521EF1A124CE780800455497 = {
						CreatedOnToolsVersion = 11.3.1;
					};
				};
			};
			buildConfigurationList = 521EF19D24CE780800455497 /* Build configuration list for PBXProject "MEC" */;
			compatibilityVersion = "Xcode 9.3";
			developmentRegion = en;
			hasScannedForEncodings = 0;
			knownRegions = (
				en,
				Base,
			);
			mainGroup = 521EF19924CE780800455497;
			productRefGroup = 521EF1A324CE780800455497 /* Products */;
			projectDirPath = "";
			projectRoot = "";
			targets = (
				521EF1A124CE780800455497 /* MEC */,
			);
		};
/* End PBXProject section */

/* Begin PBXResourcesBuildPhase section */
		521EF1A024CE780800455497 /* Resources */ = {
			isa = PBXResourcesBuildPhase;
			buildActionMask = 2147483647;
			files = (
				521EF1B524CE780A00455497 /* LaunchScreen.storyboard in Resources */,
				52DD0F1924D3B1FE00426629 /* MBProgressHUD.bundle in Resources */,
				521EF1B224CE780A00455497 /* Assets.xcassets in Resources */,
				521EF1B024CE780800455497 /* Main.storyboard in Resources */,
			);
			runOnlyForDeploymentPostprocessing = 0;
		};
/* End PBXResourcesBuildPhase section */

/* Begin PBXShellScriptBuildPhase section */
		0510C1F91BBFB282C53473A4 /* [CP] Check Pods Manifest.lock */ = {
			isa = PBXShellScriptBuildPhase;
			buildActionMask = 2147483647;
			files = (
			);
			inputFileListPaths = (
			);
			inputPaths = (
				"${PODS_PODFILE_DIR_PATH}/Podfile.lock",
				"${PODS_ROOT}/Manifest.lock",
			);
			name = "[CP] Check Pods Manifest.lock";
			outputFileListPaths = (
			);
			outputPaths = (
				"$(DERIVED_FILE_DIR)/Pods-MEC-checkManifestLockResult.txt",
			);
			runOnlyForDeploymentPostprocessing = 0;
			shellPath = /bin/sh;
			shellScript = "diff \"${PODS_PODFILE_DIR_PATH}/Podfile.lock\" \"${PODS_ROOT}/Manifest.lock\" > /dev/null\nif [ $? != 0 ] ; then\n    # print error to STDERR\n    echo \"error: The sandbox is not in sync with the Podfile.lock. Run 'pod install' or update your CocoaPods installation.\" >&2\n    exit 1\nfi\n# This output is used by Xcode 'outputs' to avoid re-running this script phase.\necho \"SUCCESS\" > \"${SCRIPT_OUTPUT_FILE_0}\"\n";
			showEnvVarsInLog = 0;
		};
		D816676D89A922D7A15D2019 /* [CP] Embed Pods Frameworks */ = {
			isa = PBXShellScriptBuildPhase;
			buildActionMask = 2147483647;
			files = (
			);
			inputFileListPaths = (
				"${PODS_ROOT}/Target Support Files/Pods-MEC/Pods-MEC-frameworks-${CONFIGURATION}-input-files.xcfilelist",
			);
			name = "[CP] Embed Pods Frameworks";
			outputFileListPaths = (
				"${PODS_ROOT}/Target Support Files/Pods-MEC/Pods-MEC-frameworks-${CONFIGURATION}-output-files.xcfilelist",
			);
			runOnlyForDeploymentPostprocessing = 0;
			shellPath = /bin/sh;
			shellScript = "\"${PODS_ROOT}/Target Support Files/Pods-MEC/Pods-MEC-frameworks.sh\"\n";
			showEnvVarsInLog = 0;
		};
/* End PBXShellScriptBuildPhase section */

/* Begin PBXSourcesBuildPhase section */
		521EF19E24CE780800455497 /* Sources */ = {
			isa = PBXSourcesBuildPhase;
			buildActionMask = 2147483647;
			files = (
				52F0F40D24D00384005085C0 /* MECDeviceListView.m in Sources */,
				52DD0F5124D3EBEC00426629 /* MECUserModel.m in Sources */,
				52DD0F3C24D3B3E200426629 /* UIView+QCExtension.m in Sources */,
				527EB96524D94AE100627E57 /* MECSetTemperatureViewController.m in Sources */,
				520B5D3824EE66B6004F84C7 /* MECWebViewController.m in Sources */,
				52DD0F4224D3B3E200426629 /* NSString+QCExtension.m in Sources */,
				52DD0F2624D3B37000426629 /* QCNetWorkResult.m in Sources */,
				52DD0F3F24D3B3E200426629 /* NSObject+QCExtension.m in Sources */,
				52DD0F4024D3B3E200426629 /* NSDictionary+QCCategory.m in Sources */,
				524B19BC24D82D53002A8755 /* MECTools.m in Sources */,
				52DD0F4D24D3EB1100426629 /* MECUserManager.m in Sources */,
				52DD0F2424D3B37000426629 /* QCNetWorkClient.m in Sources */,
				52D57BAA24CEC32800745720 /* MECLoginViewController.m in Sources */,
				5268FE1A24D269DB00CBB01A /* MECNoDeviceFoundViewController.m in Sources */,
				525838A224DBF248007E1E13 /* MECCircleAnimationView.m in Sources */,
				52F0F41324D01522005085C0 /* MECDeviceListSingleInfoTableViewCell.m in Sources */,
				5268FE1D24D2B0D200CBB01A /* MECBaseMenuView.m in Sources */,
				52D57BA724CEC12800745720 /* MECTabBarController.m in Sources */,
				5258389F24DBF218007E1E13 /* MECTemperatureCircleAnimationView.m in Sources */,
				52DD0F1824D3B1FE00426629 /* MBProgressHUD+PH.m in Sources */,
				52D57BB224CEDA3900745720 /* MECRegistrationViewController.m in Sources */,
				52DD0F4324D3B3E200426629 /* NSData+QCExtension.m in Sources */,
				52D57BAF24CECDA000745720 /* MECDefaultButton.m in Sources */,
				52F0F41624D02056005085C0 /* MECDeviceListFootInfoTableViewCell.m in Sources */,
				52F0F40724CFFBB8005085C0 /* MECDeviceListViewController.m in Sources */,
				52DD0F4424D3B3E200426629 /* UIImage+QCExtension.m in Sources */,
				5281374224DE821600FF1546 /* MECBindDeviceDetailInfoModel.m in Sources */,
				52DD0F4924D3B4E000426629 /* QCUrlConst.m in Sources */,
				52D57BB524CEF8EC00745720 /* MECMineViewController.m in Sources */,
				52DD0F4524D3B3E200426629 /* UIResponder+Router.m in Sources */,
				5268FE2024D2B1D800CBB01A /* MECBaseMenuViewTableViewCell.m in Sources */,
				52DD0F3E24D3B3E200426629 /* UIFont+QCExtension.m in Sources */,
				52F0F40A24D00367005085C0 /* MECMineModifyInfoView.m in Sources */,
				52DD0F2524D3B37000426629 /* QCNetWorkManager.m in Sources */,
				52D57BA524CEC12800745720 /* MECBaseViewController.m in Sources */,
				5281373F24DE820900FF1546 /* MECBindDeviceListInfoModel.m in Sources */,
				52F0F41C24D026AE005085C0 /* MECDevicesBluetoothTableViewCell.m in Sources */,
				52D57BA624CEC12800745720 /* MECNavigationController.m in Sources */,
				521EF1A724CE780800455497 /* AppDelegate.m in Sources */,
				52DD0F2324D3B37000426629 /* QCNetWorkManager+QCExtension.m in Sources */,
				52F0F41024D006F4005085C0 /* MECMineBottomView.m in Sources */,
				521EF1B824CE780A00455497 /* main.m in Sources */,
				52F0F41924D025EE005085C0 /* MECDevicesDetailViewController.m in Sources */,
			);
			runOnlyForDeploymentPostprocessing = 0;
		};
/* End PBXSourcesBuildPhase section */

/* Begin PBXVariantGroup section */
		521EF1AE24CE780800455497 /* Main.storyboard */ = {
			isa = PBXVariantGroup;
			children = (
				521EF1AF24CE780800455497 /* Base */,
			);
			name = Main.storyboard;
			sourceTree = "<group>";
		};
		521EF1B324CE780A00455497 /* LaunchScreen.storyboard */ = {
			isa = PBXVariantGroup;
			children = (
				521EF1B424CE780A00455497 /* Base */,
			);
			name = LaunchScreen.storyboard;
			sourceTree = "<group>";
		};
/* End PBXVariantGroup section */

/* Begin XCBuildConfiguration section */
		521EF1B924CE780A00455497 /* Debug */ = {
			isa = XCBuildConfiguration;
			buildSettings = {
				ALWAYS_SEARCH_USER_PATHS = NO;
				CLANG_ANALYZER_NONNULL = YES;
				CLANG_ANALYZER_NUMBER_OBJECT_CONVERSION = YES_AGGRESSIVE;
				CLANG_CXX_LANGUAGE_STANDARD = "gnu++14";
				CLANG_CXX_LIBRARY = "libc++";
				CLANG_ENABLE_MODULES = YES;
				CLANG_ENABLE_OBJC_ARC = YES;
				CLANG_ENABLE_OBJC_WEAK = YES;
				CLANG_WARN_BLOCK_CAPTURE_AUTORELEASING = YES;
				CLANG_WARN_BOOL_CONVERSION = YES;
				CLANG_WARN_COMMA = YES;
				CLANG_WARN_CONSTANT_CONVERSION = YES;
				CLANG_WARN_DEPRECATED_OBJC_IMPLEMENTATIONS = YES;
				CLANG_WARN_DIRECT_OBJC_ISA_USAGE = YES_ERROR;
				CLANG_WARN_DOCUMENTATION_COMMENTS = YES;
				CLANG_WARN_EMPTY_BODY = YES;
				CLANG_WARN_ENUM_CONVERSION = YES;
				CLANG_WARN_INFINITE_RECURSION = YES;
				CLANG_WARN_INT_CONVERSION = YES;
				CLANG_WARN_NON_LITERAL_NULL_CONVERSION = YES;
				CLANG_WARN_OBJC_IMPLICIT_RETAIN_SELF = YES;
				CLANG_WARN_OBJC_LITERAL_CONVERSION = YES;
				CLANG_WARN_OBJC_ROOT_CLASS = YES_ERROR;
				CLANG_WARN_RANGE_LOOP_ANALYSIS = YES;
				CLANG_WARN_STRICT_PROTOTYPES = YES;
				CLANG_WARN_SUSPICIOUS_MOVE = YES;
				CLANG_WARN_UNGUARDED_AVAILABILITY = YES_AGGRESSIVE;
				CLANG_WARN_UNREACHABLE_CODE = YES;
				CLANG_WARN__DUPLICATE_METHOD_MATCH = YES;
				COPY_PHASE_STRIP = NO;
				DEBUG_INFORMATION_FORMAT = dwarf;
				ENABLE_STRICT_OBJC_MSGSEND = YES;
				ENABLE_TESTABILITY = YES;
				GCC_C_LANGUAGE_STANDARD = gnu11;
				GCC_DYNAMIC_NO_PIC = NO;
				GCC_NO_COMMON_BLOCKS = YES;
				GCC_OPTIMIZATION_LEVEL = 0;
				GCC_PREPROCESSOR_DEFINITIONS = (
					"DEBUG=1",
					"$(inherited)",
				);
				GCC_WARN_64_TO_32_BIT_CONVERSION = YES;
				GCC_WARN_ABOUT_RETURN_TYPE = YES_ERROR;
				GCC_WARN_UNDECLARED_SELECTOR = YES;
				GCC_WARN_UNINITIALIZED_AUTOS = YES_AGGRESSIVE;
				GCC_WARN_UNUSED_FUNCTION = YES;
				GCC_WARN_UNUSED_VARIABLE = YES;
				IPHONEOS_DEPLOYMENT_TARGET = 13.2;
				MTL_ENABLE_DEBUG_INFO = INCLUDE_SOURCE;
				MTL_FAST_MATH = YES;
				ONLY_ACTIVE_ARCH = YES;
				SDKROOT = iphoneos;
			};
			name = Debug;
		};
		521EF1BA24CE780A00455497 /* Release */ = {
			isa = XCBuildConfiguration;
			buildSettings = {
				ALWAYS_SEARCH_USER_PATHS = NO;
				CLANG_ANALYZER_NONNULL = YES;
				CLANG_ANALYZER_NUMBER_OBJECT_CONVERSION = YES_AGGRESSIVE;
				CLANG_CXX_LANGUAGE_STANDARD = "gnu++14";
				CLANG_CXX_LIBRARY = "libc++";
				CLANG_ENABLE_MODULES = YES;
				CLANG_ENABLE_OBJC_ARC = YES;
				CLANG_ENABLE_OBJC_WEAK = YES;
				CLANG_WARN_BLOCK_CAPTURE_AUTORELEASING = YES;
				CLANG_WARN_BOOL_CONVERSION = YES;
				CLANG_WARN_COMMA = YES;
				CLANG_WARN_CONSTANT_CONVERSION = YES;
				CLANG_WARN_DEPRECATED_OBJC_IMPLEMENTATIONS = YES;
				CLANG_WARN_DIRECT_OBJC_ISA_USAGE = YES_ERROR;
				CLANG_WARN_DOCUMENTATION_COMMENTS = YES;
				CLANG_WARN_EMPTY_BODY = YES;
				CLANG_WARN_ENUM_CONVERSION = YES;
				CLANG_WARN_INFINITE_RECURSION = YES;
				CLANG_WARN_INT_CONVERSION = YES;
				CLANG_WARN_NON_LITERAL_NULL_CONVERSION = YES;
				CLANG_WARN_OBJC_IMPLICIT_RETAIN_SELF = YES;
				CLANG_WARN_OBJC_LITERAL_CONVERSION = YES;
				CLANG_WARN_OBJC_ROOT_CLASS = YES_ERROR;
				CLANG_WARN_RANGE_LOOP_ANALYSIS = YES;
				CLANG_WARN_STRICT_PROTOTYPES = YES;
				CLANG_WARN_SUSPICIOUS_MOVE = YES;
				CLANG_WARN_UNGUARDED_AVAILABILITY = YES_AGGRESSIVE;
				CLANG_WARN_UNREACHABLE_CODE = YES;
				CLANG_WARN__DUPLICATE_METHOD_MATCH = YES;
				COPY_PHASE_STRIP = NO;
				DEBUG_INFORMATION_FORMAT = "dwarf-with-dsym";
				ENABLE_NS_ASSERTIONS = NO;
				ENABLE_STRICT_OBJC_MSGSEND = YES;
				GCC_C_LANGUAGE_STANDARD = gnu11;
				GCC_NO_COMMON_BLOCKS = YES;
				GCC_WARN_64_TO_32_BIT_CONVERSION = YES;
				GCC_WARN_ABOUT_RETURN_TYPE = YES_ERROR;
				GCC_WARN_UNDECLARED_SELECTOR = YES;
				GCC_WARN_UNINITIALIZED_AUTOS = YES_AGGRESSIVE;
				GCC_WARN_UNUSED_FUNCTION = YES;
				GCC_WARN_UNUSED_VARIABLE = YES;
				IPHONEOS_DEPLOYMENT_TARGET = 13.2;
				MTL_ENABLE_DEBUG_INFO = NO;
				MTL_FAST_MATH = YES;
				SDKROOT = iphoneos;
				VALIDATE_PRODUCT = YES;
			};
			name = Release;
		};
		521EF1BC24CE780A00455497 /* Debug */ = {
			isa = XCBuildConfiguration;
			baseConfigurationReference = BCDE00B2B163A0F4068DE7D1 /* Pods-MEC.debug.xcconfig */;
			buildSettings = {
				ASSETCATALOG_COMPILER_APPICON_NAME = AppIcon;
				CODE_SIGN_IDENTITY = "iPhone Developer";
				CODE_SIGN_STYLE = Manual;
				CURRENT_PROJECT_VERSION = 6;
				DEVELOPMENT_TEAM = C7HBXG9Y85;
				GCC_PRECOMPILE_PREFIX_HEADER = YES;
				GCC_PREFIX_HEADER = "$(SRCROOT)/MEC/Base/MECPrefix.pch";
				INFOPLIST_FILE = MEC/Info.plist;
				IPHONEOS_DEPLOYMENT_TARGET = 10.0;
				LD_RUNPATH_SEARCH_PATHS = (
					"$(inherited)",
					"@executable_path/Frameworks",
				);
				MARKETING_VERSION = 1.0.0;
				PRODUCT_BUNDLE_IDENTIFIER = com.MATSUM.MEC;
				PRODUCT_NAME = "Venture Heat";
				PROVISIONING_PROFILE_SPECIFIER = MECDevProProfile;
				TARGETED_DEVICE_FAMILY = 1;
			};
			name = Debug;
		};
		521EF1BD24CE780A00455497 /* Release */ = {
			isa = XCBuildConfiguration;
			baseConfigurationReference = 8BCEA4B1ED64B115BA9D1451 /* Pods-MEC.release.xcconfig */;
			buildSettings = {
				ASSETCATALOG_COMPILER_APPICON_NAME = AppIcon;
				CODE_SIGN_IDENTITY = "iPhone Developer";
				CODE_SIGN_STYLE = Manual;
				CURRENT_PROJECT_VERSION = 6;
				DEVELOPMENT_TEAM = C7HBXG9Y85;
				GCC_PRECOMPILE_PREFIX_HEADER = YES;
				GCC_PREFIX_HEADER = "$(SRCROOT)/MEC/Base/MECPrefix.pch";
				INFOPLIST_FILE = MEC/Info.plist;
				IPHONEOS_DEPLOYMENT_TARGET = 10.0;
				LD_RUNPATH_SEARCH_PATHS = (
					"$(inherited)",
					"@executable_path/Frameworks",
				);
				MARKETING_VERSION = 1.0.0;
				PRODUCT_BUNDLE_IDENTIFIER = com.MATSUM.MEC;
				PRODUCT_NAME = "Venture Heat";
				PROVISIONING_PROFILE_SPECIFIER = MECDevProProfile;
				TARGETED_DEVICE_FAMILY = 1;
			};
			name = Release;
		};
/* End XCBuildConfiguration section */

/* Begin XCConfigurationList section */
		521EF19D24CE780800455497 /* Build configuration list for PBXProject "MEC" */ = {
			isa = XCConfigurationList;
			buildConfigurations = (
				521EF1B924CE780A00455497 /* Debug */,
				521EF1BA24CE780A00455497 /* Release */,
			);
			defaultConfigurationIsVisible = 0;
			defaultConfigurationName = Release;
		};
		521EF1BB24CE780A00455497 /* Build configuration list for PBXNativeTarget "MEC" */ = {
			isa = XCConfigurationList;
			buildConfigurations = (
				521EF1BC24CE780A00455497 /* Debug */,
				521EF1BD24CE780A00455497 /* Release */,
			);
			defaultConfigurationIsVisible = 0;
			defaultConfigurationName = Release;
		};
/* End XCConfigurationList section */
	};
	rootObject = 521EF19A24CE780800455497 /* Project object */;
}
