// !$*UTF8*$!
{
	archiveVersion = 1;
	classes = {
	};
	objectVersion = 51;
	objects = {

/* Begin PBXBuildFile section */
		11C69E0B485F3BEF954C9D7E /* Pods_MEC.framework in Frameworks */ = {isa = PBXBuildFile; fileRef = F1E5648184B16A5A9F5A4322 /* Pods_MEC.framework */; };
		521EF1A724CE780800455497 /* AppDelegate.m in Sources */ = {isa = PBXBuildFile; fileRef = 521EF1A624CE780800455497 /* AppDelegate.m */; };
		521EF1AD24CE780800455497 /* ViewController.m in Sources */ = {isa = PBXBuildFile; fileRef = 521EF1AC24CE780800455497 /* ViewController.m */; };
		521EF1B024CE780800455497 /* Main.storyboard in Resources */ = {isa = PBXBuildFile; fileRef = 521EF1AE24CE780800455497 /* Main.storyboard */; };
		521EF1B224CE780A00455497 /* Assets.xcassets in Resources */ = {isa = PBXBuildFile; fileRef = 521EF1B124CE780A00455497 /* Assets.xcassets */; };
		521EF1B524CE780A00455497 /* LaunchScreen.storyboard in Resources */ = {isa = PBXBuildFile; fileRef = 521EF1B324CE780A00455497 /* LaunchScreen.storyboard */; };
		521EF1B824CE780A00455497 /* main.m in Sources */ = {isa = PBXBuildFile; fileRef = 521EF1B724CE780A00455497 /* main.m */; };
		52D57BA524CEC12800745720 /* MECBaseViewController.m in Sources */ = {isa = PBXBuildFile; fileRef = 52D57B9224CEC12800745720 /* MECBaseViewController.m */; };
		52D57BA624CEC12800745720 /* MECNavigationController.m in Sources */ = {isa = PBXBuildFile; fileRef = 52D57B9524CEC12800745720 /* MECNavigationController.m */; };
		52D57BA724CEC12800745720 /* MECTabBarController.m in Sources */ = {isa = PBXBuildFile; fileRef = 52D57B9724CEC12800745720 /* MECTabBarController.m */; };
		52D57BAA24CEC32800745720 /* MECLoginViewController.m in Sources */ = {isa = PBXBuildFile; fileRef = 52D57BA924CEC32800745720 /* MECLoginViewController.m */; };
		52D57BAF24CECDA000745720 /* MECDefaultButton.m in Sources */ = {isa = PBXBuildFile; fileRef = 52D57BAE24CECDA000745720 /* MECDefaultButton.m */; };
/* End PBXBuildFile section */

/* Begin PBXFileReference section */
		521EF1A224CE780800455497 /* MEC.app */ = {isa = PBXFileReference; explicitFileType = wrapper.application; includeInIndex = 0; path = MEC.app; sourceTree = BUILT_PRODUCTS_DIR; };
		521EF1A524CE780800455497 /* AppDelegate.h */ = {isa = PBXFileReference; lastKnownFileType = sourcecode.c.h; path = AppDelegate.h; sourceTree = "<group>"; };
		521EF1A624CE780800455497 /* AppDelegate.m */ = {isa = PBXFileReference; lastKnownFileType = sourcecode.c.objc; path = AppDelegate.m; sourceTree = "<group>"; };
		521EF1AB24CE780800455497 /* ViewController.h */ = {isa = PBXFileReference; lastKnownFileType = sourcecode.c.h; path = ViewController.h; sourceTree = "<group>"; };
		521EF1AC24CE780800455497 /* ViewController.m */ = {isa = PBXFileReference; lastKnownFileType = sourcecode.c.objc; path = ViewController.m; sourceTree = "<group>"; };
		521EF1AF24CE780800455497 /* Base */ = {isa = PBXFileReference; lastKnownFileType = file.storyboard; name = Base; path = Base.lproj/Main.storyboard; sourceTree = "<group>"; };
		521EF1B124CE780A00455497 /* Assets.xcassets */ = {isa = PBXFileReference; lastKnownFileType = folder.assetcatalog; path = Assets.xcassets; sourceTree = "<group>"; };
		521EF1B424CE780A00455497 /* Base */ = {isa = PBXFileReference; lastKnownFileType = file.storyboard; name = Base; path = Base.lproj/LaunchScreen.storyboard; sourceTree = "<group>"; };
		521EF1B624CE780A00455497 /* Info.plist */ = {isa = PBXFileReference; lastKnownFileType = text.plist.xml; path = Info.plist; sourceTree = "<group>"; };
		521EF1B724CE780A00455497 /* main.m */ = {isa = PBXFileReference; lastKnownFileType = sourcecode.c.objc; path = main.m; sourceTree = "<group>"; };
		52D57B9024CEC12800745720 /* MECNavigationController.h */ = {isa = PBXFileReference; fileEncoding = 4; lastKnownFileType = sourcecode.c.h; path = MECNavigationController.h; sourceTree = "<group>"; };
		52D57B9124CEC12800745720 /* MECGolablMacro.h */ = {isa = PBXFileReference; fileEncoding = 4; lastKnownFileType = sourcecode.c.h; path = MECGolablMacro.h; sourceTree = "<group>"; };
		52D57B9224CEC12800745720 /* MECBaseViewController.m */ = {isa = PBXFileReference; fileEncoding = 4; lastKnownFileType = sourcecode.c.objc; path = MECBaseViewController.m; sourceTree = "<group>"; };
		52D57B9324CEC12800745720 /* MECTabBarController.h */ = {isa = PBXFileReference; fileEncoding = 4; lastKnownFileType = sourcecode.c.h; path = MECTabBarController.h; sourceTree = "<group>"; };
		52D57B9424CEC12800745720 /* MECPrefix.pch */ = {isa = PBXFileReference; fileEncoding = 4; lastKnownFileType = sourcecode.c.h; path = MECPrefix.pch; sourceTree = "<group>"; };
		52D57B9524CEC12800745720 /* MECNavigationController.m */ = {isa = PBXFileReference; fileEncoding = 4; lastKnownFileType = sourcecode.c.objc; path = MECNavigationController.m; sourceTree = "<group>"; };
		52D57B9624CEC12800745720 /* MECBaseViewController.h */ = {isa = PBXFileReference; fileEncoding = 4; lastKnownFileType = sourcecode.c.h; path = MECBaseViewController.h; sourceTree = "<group>"; };
		52D57B9724CEC12800745720 /* MECTabBarController.m */ = {isa = PBXFileReference; fileEncoding = 4; lastKnownFileType = sourcecode.c.objc; path = MECTabBarController.m; sourceTree = "<group>"; };
		52D57BA824CEC32800745720 /* MECLoginViewController.h */ = {isa = PBXFileReference; lastKnownFileType = sourcecode.c.h; path = MECLoginViewController.h; sourceTree = "<group>"; };
		52D57BA924CEC32800745720 /* MECLoginViewController.m */ = {isa = PBXFileReference; lastKnownFileType = sourcecode.c.objc; path = MECLoginViewController.m; sourceTree = "<group>"; };
		52D57BAB24CEC74200745720 /* MECGolablHeader.h */ = {isa = PBXFileReference; lastKnownFileType = sourcecode.c.h; path = MECGolablHeader.h; sourceTree = "<group>"; };
		52D57BAD24CECDA000745720 /* MECDefaultButton.h */ = {isa = PBXFileReference; lastKnownFileType = sourcecode.c.h; path = MECDefaultButton.h; sourceTree = "<group>"; };
		52D57BAE24CECDA000745720 /* MECDefaultButton.m */ = {isa = PBXFileReference; lastKnownFileType = sourcecode.c.objc; path = MECDefaultButton.m; sourceTree = "<group>"; };
		8BCEA4B1ED64B115BA9D1451 /* Pods-MEC.release.xcconfig */ = {isa = PBXFileReference; includeInIndex = 1; lastKnownFileType = text.xcconfig; name = "Pods-MEC.release.xcconfig"; path = "Target Support Files/Pods-MEC/Pods-MEC.release.xcconfig"; sourceTree = "<group>"; };
		BCDE00B2B163A0F4068DE7D1 /* Pods-MEC.debug.xcconfig */ = {isa = PBXFileReference; includeInIndex = 1; lastKnownFileType = text.xcconfig; name = "Pods-MEC.debug.xcconfig"; path = "Target Support Files/Pods-MEC/Pods-MEC.debug.xcconfig"; sourceTree = "<group>"; };
		F1E5648184B16A5A9F5A4322 /* Pods_MEC.framework */ = {isa = PBXFileReference; explicitFileType = wrapper.framework; includeInIndex = 0; path = Pods_MEC.framework; sourceTree = BUILT_PRODUCTS_DIR; };
/* End PBXFileReference section */

/* Begin PBXFrameworksBuildPhase section */
		521EF19F24CE780800455497 /* Frameworks */ = {
			isa = PBXFrameworksBuildPhase;
			buildActionMask = 2147483647;
			files = (
				11C69E0B485F3BEF954C9D7E /* Pods_MEC.framework in Frameworks */,
			);
			runOnlyForDeploymentPostprocessing = 0;
		};
/* End PBXFrameworksBuildPhase section */

/* Begin PBXGroup section */
		225A675D0D47272147D180D1 /* Frameworks */ = {
			isa = PBXGroup;
			children = (
				F1E5648184B16A5A9F5A4322 /* Pods_MEC.framework */,
			);
			name = Frameworks;
			sourceTree = "<group>";
		};
		521EF19924CE780800455497 = {
			isa = PBXGroup;
			children = (
				521EF1A424CE780800455497 /* MEC */,
				521EF1A324CE780800455497 /* Products */,
				6DFC9341C81B99154F7E2FAE /* Pods */,
				225A675D0D47272147D180D1 /* Frameworks */,
			);
			sourceTree = "<group>";
		};
		521EF1A324CE780800455497 /* Products */ = {
			isa = PBXGroup;
			children = (
				521EF1A224CE780800455497 /* MEC.app */,
			);
			name = Products;
			sourceTree = "<group>";
		};
		521EF1A424CE780800455497 /* MEC */ = {
			isa = PBXGroup;
			children = (
				521EF1A524CE780800455497 /* AppDelegate.h */,
				521EF1A624CE780800455497 /* AppDelegate.m */,
				521EF1AB24CE780800455497 /* ViewController.h */,
				521EF1AC24CE780800455497 /* ViewController.m */,
				52D57B8F24CEC12800745720 /* Base */,
				52D57B9824CEC12800745720 /* Business */,
				521EF1AE24CE780800455497 /* Main.storyboard */,
				521EF1B124CE780A00455497 /* Assets.xcassets */,
				521EF1B324CE780A00455497 /* LaunchScreen.storyboard */,
				521EF1B624CE780A00455497 /* Info.plist */,
				521EF1B724CE780A00455497 /* main.m */,
			);
			path = MEC;
			sourceTree = "<group>";
		};
		52D57B8F24CEC12800745720 /* Base */ = {
			isa = PBXGroup;
			children = (
				52D57BAC24CECD8400745720 /* BaseUI */,
				52D57B9624CEC12800745720 /* MECBaseViewController.h */,
				52D57B9224CEC12800745720 /* MECBaseViewController.m */,
				52D57B9324CEC12800745720 /* MECTabBarController.h */,
				52D57B9724CEC12800745720 /* MECTabBarController.m */,
				52D57B9024CEC12800745720 /* MECNavigationController.h */,
				52D57B9524CEC12800745720 /* MECNavigationController.m */,
				52D57B9424CEC12800745720 /* MECPrefix.pch */,
				52D57B9124CEC12800745720 /* MECGolablMacro.h */,
				52D57BAB24CEC74200745720 /* MECGolablHeader.h */,
			);
			path = Base;
			sourceTree = "<group>";
		};
		52D57B9824CEC12800745720 /* Business */ = {
			isa = PBXGroup;
			children = (
				52D57B9924CEC12800745720 /* DeviceList */,
				52D57B9D24CEC12800745720 /* Mine */,
				52D57BA124CEC12800745720 /* Login */,
			);
			path = Business;
			sourceTree = "<group>";
		};
		52D57B9924CEC12800745720 /* DeviceList */ = {
			isa = PBXGroup;
			children = (
				52D57B9A24CEC12800745720 /* Models */,
				52D57B9B24CEC12800745720 /* Controllers */,
				52D57B9C24CEC12800745720 /* Views */,
			);
			path = DeviceList;
			sourceTree = "<group>";
		};
		52D57B9A24CEC12800745720 /* Models */ = {
			isa = PBXGroup;
			children = (
			);
			path = Models;
			sourceTree = "<group>";
		};
		52D57B9B24CEC12800745720 /* Controllers */ = {
			isa = PBXGroup;
			children = (
			);
			path = Controllers;
			sourceTree = "<group>";
		};
		52D57B9C24CEC12800745720 /* Views */ = {
			isa = PBXGroup;
			children = (
			);
			path = Views;
			sourceTree = "<group>";
		};
		52D57B9D24CEC12800745720 /* Mine */ = {
			isa = PBXGroup;
			children = (
				52D57B9E24CEC12800745720 /* Models */,
				52D57B9F24CEC12800745720 /* Controllers */,
				52D57BA024CEC12800745720 /* Views */,
			);
			path = Mine;
			sourceTree = "<group>";
		};
		52D57B9E24CEC12800745720 /* Models */ = {
			isa = PBXGroup;
			children = (
			);
			path = Models;
			sourceTree = "<group>";
		};
		52D57B9F24CEC12800745720 /* Controllers */ = {
			isa = PBXGroup;
			children = (
			);
			path = Controllers;
			sourceTree = "<group>";
		};
		52D57BA024CEC12800745720 /* Views */ = {
			isa = PBXGroup;
			children = (
			);
			path = Views;
			sourceTree = "<group>";
		};
		52D57BA124CEC12800745720 /* Login */ = {
			isa = PBXGroup;
			children = (
				52D57BA224CEC12800745720 /* Models */,
				52D57BA324CEC12800745720 /* Controllers */,
				52D57BA424CEC12800745720 /* Views */,
			);
			path = Login;
			sourceTree = "<group>";
		};
		52D57BA224CEC12800745720 /* Models */ = {
			isa = PBXGroup;
			children = (
			);
			path = Models;
			sourceTree = "<group>";
		};
		52D57BA324CEC12800745720 /* Controllers */ = {
			isa = PBXGroup;
			children = (
				52D57BA824CEC32800745720 /* MECLoginViewController.h */,
				52D57BA924CEC32800745720 /* MECLoginViewController.m */,
			);
			path = Controllers;
			sourceTree = "<group>";
		};
		52D57BA424CEC12800745720 /* Views */ = {
			isa = PBXGroup;
			children = (
			);
			path = Views;
			sourceTree = "<group>";
		};
		52D57BAC24CECD8400745720 /* BaseUI */ = {
			isa = PBXGroup;
			children = (
				52D57BAD24CECDA000745720 /* MECDefaultButton.h */,
				52D57BAE24CECDA000745720 /* MECDefaultButton.m */,
			);
			path = BaseUI;
			sourceTree = "<group>";
		};
		6DFC9341C81B99154F7E2FAE /* Pods */ = {
			isa = PBXGroup;
			children = (
				BCDE00B2B163A0F4068DE7D1 /* Pods-MEC.debug.xcconfig */,
				8BCEA4B1ED64B115BA9D1451 /* Pods-MEC.release.xcconfig */,
			);
			path = Pods;
			sourceTree = "<group>";
		};
/* End PBXGroup section */

/* Begin PBXNativeTarget section */
		521EF1A124CE780800455497 /* MEC */ = {
			isa = PBXNativeTarget;
			buildConfigurationList = 521EF1BB24CE780A00455497 /* Build configuration list for PBXNativeTarget "MEC" */;
			buildPhases = (
				0510C1F91BBFB282C53473A4 /* [CP] Check Pods Manifest.lock */,
				521EF19E24CE780800455497 /* Sources */,
				521EF19F24CE780800455497 /* Frameworks */,
				521EF1A024CE780800455497 /* Resources */,
				D816676D89A922D7A15D2019 /* [CP] Embed Pods Frameworks */,
			);
			buildRules = (
			);
			dependencies = (
			);
			name = MEC;
			productName = MEC;
			productReference = 521EF1A224CE780800455497 /* MEC.app */;
			productType = "com.apple.product-type.application";
		};
/* End PBXNativeTarget section */

/* Begin PBXProject section */
		521EF19A24CE780800455497 /* Project object */ = {
			isa = PBXProject;
			attributes = {
				CLASSPREFIX = MEC;
				LastUpgradeCheck = 1130;
				ORGANIZATIONNAME = John;
				TargetAttributes = {
					521EF1A124CE780800455497 = {
						CreatedOnToolsVersion = 11.3.1;
					};
				};
			};
			buildConfigurationList = 521EF19D24CE780800455497 /* Build configuration list for PBXProject "MEC" */;
			compatibilityVersion = "Xcode 9.3";
			developmentRegion = en;
			hasScannedForEncodings = 0;
			knownRegions = (
				en,
				Base,
			);
			mainGroup = 521EF19924CE780800455497;
			productRefGroup = 521EF1A324CE780800455497 /* Products */;
			projectDirPath = "";
			projectRoot = "";
			targets = (
				521EF1A124CE780800455497 /* MEC */,
			);
		};
/* End PBXProject section */

/* Begin PBXResourcesBuildPhase section */
		521EF1A024CE780800455497 /* Resources */ = {
			isa = PBXResourcesBuildPhase;
			buildActionMask = 2147483647;
			files = (
				521EF1B524CE780A00455497 /* LaunchScreen.storyboard in Resources */,
				521EF1B224CE780A00455497 /* Assets.xcassets in Resources */,
				521EF1B024CE780800455497 /* Main.storyboard in Resources */,
			);
			runOnlyForDeploymentPostprocessing = 0;
		};
/* End PBXResourcesBuildPhase section */

/* Begin PBXShellScriptBuildPhase section */
		0510C1F91BBFB282C53473A4 /* [CP] Check Pods Manifest.lock */ = {
			isa = PBXShellScriptBuildPhase;
			buildActionMask = 2147483647;
			files = (
			);
			inputFileListPaths = (
			);
			inputPaths = (
				"${PODS_PODFILE_DIR_PATH}/Podfile.lock",
				"${PODS_ROOT}/Manifest.lock",
			);
			name = "[CP] Check Pods Manifest.lock";
			outputFileListPaths = (
			);
			outputPaths = (
				"$(DERIVED_FILE_DIR)/Pods-MEC-checkManifestLockResult.txt",
			);
			runOnlyForDeploymentPostprocessing = 0;
			shellPath = /bin/sh;
			shellScript = "diff \"${PODS_PODFILE_DIR_PATH}/Podfile.lock\" \"${PODS_ROOT}/Manifest.lock\" > /dev/null\nif [ $? != 0 ] ; then\n    # print error to STDERR\n    echo \"error: The sandbox is not in sync with the Podfile.lock. Run 'pod install' or update your CocoaPods installation.\" >&2\n    exit 1\nfi\n# This output is used by Xcode 'outputs' to avoid re-running this script phase.\necho \"SUCCESS\" > \"${SCRIPT_OUTPUT_FILE_0}\"\n";
			showEnvVarsInLog = 0;
		};
		D816676D89A922D7A15D2019 /* [CP] Embed Pods Frameworks */ = {
			isa = PBXShellScriptBuildPhase;
			buildActionMask = 2147483647;
			files = (
			);
			inputFileListPaths = (
				"${PODS_ROOT}/Target Support Files/Pods-MEC/Pods-MEC-frameworks-${CONFIGURATION}-input-files.xcfilelist",
			);
			name = "[CP] Embed Pods Frameworks";
			outputFileListPaths = (
				"${PODS_ROOT}/Target Support Files/Pods-MEC/Pods-MEC-frameworks-${CONFIGURATION}-output-files.xcfilelist",
			);
			runOnlyForDeploymentPostprocessing = 0;
			shellPath = /bin/sh;
			shellScript = "\"${PODS_ROOT}/Target Support Files/Pods-MEC/Pods-MEC-frameworks.sh\"\n";
			showEnvVarsInLog = 0;
		};
/* End PBXShellScriptBuildPhase section */

/* Begin PBXSourcesBuildPhase section */
		521EF19E24CE780800455497 /* Sources */ = {
			isa = PBXSourcesBuildPhase;
			buildActionMask = 2147483647;
			files = (
				52D57BAA24CEC32800745720 /* MECLoginViewController.m in Sources */,
				521EF1AD24CE780800455497 /* ViewController.m in Sources */,
				52D57BA724CEC12800745720 /* MECTabBarController.m in Sources */,
				52D57BAF24CECDA000745720 /* MECDefaultButton.m in Sources */,
				52D57BA524CEC12800745720 /* MECBaseViewController.m in Sources */,
				52D57BA624CEC12800745720 /* MECNavigationController.m in Sources */,
				521EF1A724CE780800455497 /* AppDelegate.m in Sources */,
				521EF1B824CE780A00455497 /* main.m in Sources */,
			);
			runOnlyForDeploymentPostprocessing = 0;
		};
/* End PBXSourcesBuildPhase section */

/* Begin PBXVariantGroup section */
		521EF1AE24CE780800455497 /* Main.storyboard */ = {
			isa = PBXVariantGroup;
			children = (
				521EF1AF24CE780800455497 /* Base */,
			);
			name = Main.storyboard;
			sourceTree = "<group>";
		};
		521EF1B324CE780A00455497 /* LaunchScreen.storyboard */ = {
			isa = PBXVariantGroup;
			children = (
				521EF1B424CE780A00455497 /* Base */,
			);
			name = LaunchScreen.storyboard;
			sourceTree = "<group>";
		};
/* End PBXVariantGroup section */

/* Begin XCBuildConfiguration section */
		521EF1B924CE780A00455497 /* Debug */ = {
			isa = XCBuildConfiguration;
			buildSettings = {
				ALWAYS_SEARCH_USER_PATHS = NO;
				CLANG_ANALYZER_NONNULL = YES;
				CLANG_ANALYZER_NUMBER_OBJECT_CONVERSION = YES_AGGRESSIVE;
				CLANG_CXX_LANGUAGE_STANDARD = "gnu++14";
				CLANG_CXX_LIBRARY = "libc++";
				CLANG_ENABLE_MODULES = YES;
				CLANG_ENABLE_OBJC_ARC = YES;
				CLANG_ENABLE_OBJC_WEAK = YES;
				CLANG_WARN_BLOCK_CAPTURE_AUTORELEASING = YES;
				CLANG_WARN_BOOL_CONVERSION = YES;
				CLANG_WARN_COMMA = YES;
				CLANG_WARN_CONSTANT_CONVERSION = YES;
				CLANG_WARN_DEPRECATED_OBJC_IMPLEMENTATIONS = YES;
				CLANG_WARN_DIRECT_OBJC_ISA_USAGE = YES_ERROR;
				CLANG_WARN_DOCUMENTATION_COMMENTS = YES;
				CLANG_WARN_EMPTY_BODY = YES;
				CLANG_WARN_ENUM_CONVERSION = YES;
				CLANG_WARN_INFINITE_RECURSION = YES;
				CLANG_WARN_INT_CONVERSION = YES;
				CLANG_WARN_NON_LITERAL_NULL_CONVERSION = YES;
				CLANG_WARN_OBJC_IMPLICIT_RETAIN_SELF = YES;
				CLANG_WARN_OBJC_LITERAL_CONVERSION = YES;
				CLANG_WARN_OBJC_ROOT_CLASS = YES_ERROR;
				CLANG_WARN_RANGE_LOOP_ANALYSIS = YES;
				CLANG_WARN_STRICT_PROTOTYPES = YES;
				CLANG_WARN_SUSPICIOUS_MOVE = YES;
				CLANG_WARN_UNGUARDED_AVAILABILITY = YES_AGGRESSIVE;
				CLANG_WARN_UNREACHABLE_CODE = YES;
				CLANG_WARN__DUPLICATE_METHOD_MATCH = YES;
				COPY_PHASE_STRIP = NO;
				DEBUG_INFORMATION_FORMAT = dwarf;
				ENABLE_STRICT_OBJC_MSGSEND = YES;
				ENABLE_TESTABILITY = YES;
				GCC_C_LANGUAGE_STANDARD = gnu11;
				GCC_DYNAMIC_NO_PIC = NO;
				GCC_NO_COMMON_BLOCKS = YES;
				GCC_OPTIMIZATION_LEVEL = 0;
				GCC_PREPROCESSOR_DEFINITIONS = (
					"DEBUG=1",
					"$(inherited)",
				);
				GCC_WARN_64_TO_32_BIT_CONVERSION = YES;
				GCC_WARN_ABOUT_RETURN_TYPE = YES_ERROR;
				GCC_WARN_UNDECLARED_SELECTOR = YES;
				GCC_WARN_UNINITIALIZED_AUTOS = YES_AGGRESSIVE;
				GCC_WARN_UNUSED_FUNCTION = YES;
				GCC_WARN_UNUSED_VARIABLE = YES;
				IPHONEOS_DEPLOYMENT_TARGET = 13.2;
				MTL_ENABLE_DEBUG_INFO = INCLUDE_SOURCE;
				MTL_FAST_MATH = YES;
				ONLY_ACTIVE_ARCH = YES;
				SDKROOT = iphoneos;
			};
			name = Debug;
		};
		521EF1BA24CE780A00455497 /* Release */ = {
			isa = XCBuildConfiguration;
			buildSettings = {
				ALWAYS_SEARCH_USER_PATHS = NO;
				CLANG_ANALYZER_NONNULL = YES;
				CLANG_ANALYZER_NUMBER_OBJECT_CONVERSION = YES_AGGRESSIVE;
				CLANG_CXX_LANGUAGE_STANDARD = "gnu++14";
				CLANG_CXX_LIBRARY = "libc++";
				CLANG_ENABLE_MODULES = YES;
				CLANG_ENABLE_OBJC_ARC = YES;
				CLANG_ENABLE_OBJC_WEAK = YES;
				CLANG_WARN_BLOCK_CAPTURE_AUTORELEASING = YES;
				CLANG_WARN_BOOL_CONVERSION = YES;
				CLANG_WARN_COMMA = YES;
				CLANG_WARN_CONSTANT_CONVERSION = YES;
				CLANG_WARN_DEPRECATED_OBJC_IMPLEMENTATIONS = YES;
				CLANG_WARN_DIRECT_OBJC_ISA_USAGE = YES_ERROR;
				CLANG_WARN_DOCUMENTATION_COMMENTS = YES;
				CLANG_WARN_EMPTY_BODY = YES;
				CLANG_WARN_ENUM_CONVERSION = YES;
				CLANG_WARN_INFINITE_RECURSION = YES;
				CLANG_WARN_INT_CONVERSION = YES;
				CLANG_WARN_NON_LITERAL_NULL_CONVERSION = YES;
				CLANG_WARN_OBJC_IMPLICIT_RETAIN_SELF = YES;
				CLANG_WARN_OBJC_LITERAL_CONVERSION = YES;
				CLANG_WARN_OBJC_ROOT_CLASS = YES_ERROR;
				CLANG_WARN_RANGE_LOOP_ANALYSIS = YES;
				CLANG_WARN_STRICT_PROTOTYPES = YES;
				CLANG_WARN_SUSPICIOUS_MOVE = YES;
				CLANG_WARN_UNGUARDED_AVAILABILITY = YES_AGGRESSIVE;
				CLANG_WARN_UNREACHABLE_CODE = YES;
				CLANG_WARN__DUPLICATE_METHOD_MATCH = YES;
				COPY_PHASE_STRIP = NO;
				DEBUG_INFORMATION_FORMAT = "dwarf-with-dsym";
				ENABLE_NS_ASSERTIONS = NO;
				ENABLE_STRICT_OBJC_MSGSEND = YES;
				GCC_C_LANGUAGE_STANDARD = gnu11;
				GCC_NO_COMMON_BLOCKS = YES;
				GCC_WARN_64_TO_32_BIT_CONVERSION = YES;
				GCC_WARN_ABOUT_RETURN_TYPE = YES_ERROR;
				GCC_WARN_UNDECLARED_SELECTOR = YES;
				GCC_WARN_UNINITIALIZED_AUTOS = YES_AGGRESSIVE;
				GCC_WARN_UNUSED_FUNCTION = YES;
				GCC_WARN_UNUSED_VARIABLE = YES;
				IPHONEOS_DEPLOYMENT_TARGET = 13.2;
				MTL_ENABLE_DEBUG_INFO = NO;
				MTL_FAST_MATH = YES;
				SDKROOT = iphoneos;
				VALIDATE_PRODUCT = YES;
			};
			name = Release;
		};
		521EF1BC24CE780A00455497 /* Debug */ = {
			isa = XCBuildConfiguration;
			baseConfigurationReference = BCDE00B2B163A0F4068DE7D1 /* Pods-MEC.debug.xcconfig */;
			buildSettings = {
				ASSETCATALOG_COMPILER_APPICON_NAME = AppIcon;
				CODE_SIGN_STYLE = Automatic;
				DEVELOPMENT_TEAM = Z83G9T93VL;
				GCC_PRECOMPILE_PREFIX_HEADER = YES;
				GCC_PREFIX_HEADER = "$(SRCROOT)/MEC/Base/MECPrefix.pch";
				INFOPLIST_FILE = MEC/Info.plist;
				IPHONEOS_DEPLOYMENT_TARGET = 13.2;
				LD_RUNPATH_SEARCH_PATHS = (
					"$(inherited)",
					"@executable_path/Frameworks",
				);
				PRODUCT_BUNDLE_IDENTIFIER = com.wuhanqiancang.MEC;
				PRODUCT_NAME = "$(TARGET_NAME)";
				TARGETED_DEVICE_FAMILY = 1;
			};
			name = Debug;
		};
		521EF1BD24CE780A00455497 /* Release */ = {
			isa = XCBuildConfiguration;
			baseConfigurationReference = 8BCEA4B1ED64B115BA9D1451 /* Pods-MEC.release.xcconfig */;
			buildSettings = {
				ASSETCATALOG_COMPILER_APPICON_NAME = AppIcon;
				CODE_SIGN_STYLE = Automatic;
				DEVELOPMENT_TEAM = Z83G9T93VL;
				GCC_PRECOMPILE_PREFIX_HEADER = YES;
				GCC_PREFIX_HEADER = "$(SRCROOT)/MEC/Base/MECPrefix.pch";
				INFOPLIST_FILE = MEC/Info.plist;
				IPHONEOS_DEPLOYMENT_TARGET = 13.2;
				LD_RUNPATH_SEARCH_PATHS = (
					"$(inherited)",
					"@executable_path/Frameworks",
				);
				PRODUCT_BUNDLE_IDENTIFIER = com.wuhanqiancang.MEC;
				PRODUCT_NAME = "$(TARGET_NAME)";
				TARGETED_DEVICE_FAMILY = 1;
			};
			name = Release;
		};
/* End XCBuildConfiguration section */

/* Begin XCConfigurationList section */
		521EF19D24CE780800455497 /* Build configuration list for PBXProject "MEC" */ = {
			isa = XCConfigurationList;
			buildConfigurations = (
				521EF1B924CE780A00455497 /* Debug */,
				521EF1BA24CE780A00455497 /* Release */,
			);
			defaultConfigurationIsVisible = 0;
			defaultConfigurationName = Release;
		};
		521EF1BB24CE780A00455497 /* Build configuration list for PBXNativeTarget "MEC" */ = {
			isa = XCConfigurationList;
			buildConfigurations = (
				521EF1BC24CE780A00455497 /* Debug */,
				521EF1BD24CE780A00455497 /* Release */,
			);
			defaultConfigurationIsVisible = 0;
			defaultConfigurationName = Release;
		};
/* End XCConfigurationList section */
	};
	rootObject = 521EF19A24CE780800455497 /* Project object */;
}
